
Microsoft Visual Studio Solution File, Format Version 12.00
# Visual Studio Version 17
VisualStudioVersion = 17.14.36408.4 d17.14
MinimumVisualStudioVersion = 10.0.40219.1
Project("{FAE04EC0-301F-11D3-BF4B-00C04F79EFBC}") = "Banking_Customer_Regstartion_App", "Banking_Customer_Regstartion_App.csproj", "{E64ECEFB-E14E-47D3-8A5D-6098485C7B5B}"
EndProject
Global
	GlobalSection(SolutionConfigurationPlatforms) = preSolution
		Debug|Any CPU = Debug|Any CPU
		Release|Any CPU = Release|Any CPU
	EndGlobalSection
	GlobalSection(ProjectConfigurationPlatforms) = postSolution
		{E64ECEFB-E14E-47D3-8A5D-6098485C7B5B}.Debug|Any CPU.ActiveCfg = Debug|Any CPU
		{E64ECEFB-E14E-47D3-8A5D-6098485C7B5B}.Debug|Any CPU.Build.0 = Debug|Any CPU
		{E64ECEFB-E14E-47D3-8A5D-6098485C7B5B}.Release|Any CPU.ActiveCfg = Release|Any CPU
		{E64ECEFB-E14E-47D3-8A5D-6098485C7B5B}.Release|Any CPU.Build.0 = Release|Any CPU
	EndGlobalSection
	GlobalSection(SolutionProperties) = preSolution
		HideSolutionNode = FALSE
	EndGlobalSection
	GlobalSection(ExtensibilityGlobals) = postSolution
		SolutionGuid = {B033203E-6465-4564-A61E-2950232CD123}
	EndGlobalSection
EndGlobal
